
Microsoft Visual Studio Solution File, Format Version 12.00
# Visual Studio 15
VisualStudioVersion = 15.0.28307.1022
MinimumVisualStudioVersion = 10.0.40219.1
Project("{FAE04EC0-301F-11D3-BF4B-00C04F79EFBC}") = "MuM", "MuM\MuM.csproj", "{D9A0A67D-133D-40EB-9CA9-FE337B8577F6}"
EndProject
Global
	GlobalSection(SolutionConfigurationPlatforms) = preSolution
		Debug|Any CPU = Debug|Any CPU
		Release|Any CPU = Release|Any CPU
	EndGlobalSection
	GlobalSection(ProjectConfigurationPlatforms) = postSolution
		{D9A0A67D-133D-40EB-9CA9-FE337B8577F6}.Debug|Any CPU.ActiveCfg = Debug|Any CPU
		{D9A0A67D-133D-40EB-9CA9-FE337B8577F6}.Debug|Any CPU.Build.0 = Debug|Any CPU
		{D9A0A67D-133D-40EB-9CA9-FE337B8577F6}.Release|Any CPU.ActiveCfg = Release|Any CPU
		{D9A0A67D-133D-40EB-9CA9-FE337B8577F6}.Release|Any CPU.Build.0 = Release|Any CPU
	EndGlobalSection
	GlobalSection(SolutionProperties) = preSolution
		HideSolutionNode = FALSE
	EndGlobalSection
	GlobalSection(ExtensibilityGlobals) = postSolution
		SolutionGuid = {3A53898D-37A6-430E-A855-DBC5B5F30912}
	EndGlobalSection
EndGlobal
